dependencies:
  espressif/esp_tinyusb:
    component_hash: 6f1f0c140990bf27a86611e3c1f47f9fa8468bffc3bf1eb6d551cb09f31f8908
    dependencies:
    - name: idf
      require: private
      version: '>=5.0'
    - name: espressif/tinyusb
      registry_url: https://components.espressif.com
      require: public
      version: '>=0.17.0~2'
    source:
      registry_url: https://components.espressif.com/
      type: service
    targets:
    - esp32s2
    - esp32s3
    - esp32p4
    - esp32h4
    version: 2.0.1~1
  espressif/tinyusb:
    component_hash: 16c8d774dab1f484d3e0c0f61105624d2424bbae864efd19818baf7b451b41e7
    dependencies:
    - name: idf
      require: private
      version: '>=5.0'
    source:
      registry_url: https://components.espressif.com
      type: service
    targets:
    - esp32s2
    - esp32s3
    - esp32p4
    - esp32h4
    - esp32s31
    version: 0.21.0~2
  idf:
    source:
      type: idf
    version: 6.1.0
direct_dependencies:
- espressif/esp_tinyusb
- idf
manifest_hash: 4a5f3b6069270e52a1492693e26219c982ab2236fbfb78a27f92a027c0fd6606
target: esp32s3
version: 3.0.0
